
Microsoft Visual Studio Solution File, Format Version 12.00
# Visual Studio Version 17
VisualStudioVersion = 17.13.35825.156 d17.13
MinimumVisualStudioVersion = 10.0.40219.1
Project("{FAE04EC0-301F-11D3-BF4B-00C04F79EFBC}") = "ProfileProject", "ProfileProject\ProfileProject.csproj", "{94FEABF5-3EDA-4061-A141-A085BAAFE3EC}"
EndProject
Project("{FAE04EC0-301F-11D3-BF4B-00C04F79EFBC}") = "ProfileProjectTests", "ProfileProjectTests\ProfileProjectTests.csproj", "{C4EB18BE-3575-4660-9F02-814F7C591225}"
EndProject
Global
	GlobalSection(SolutionConfigurationPlatforms) = preSolution
		Debug|Any CPU = Debug|Any CPU
		Release|Any CPU = Release|Any CPU
	EndGlobalSection
	GlobalSection(ProjectConfigurationPlatforms) = postSolution
		{94FEABF5-3EDA-4061-A141-A085BAAFE3EC}.Debug|Any CPU.ActiveCfg = Debug|Any CPU
		{94FEABF5-3EDA-4061-A141-A085BAAFE3EC}.Debug|Any CPU.Build.0 = Debug|Any CPU
		{94FEABF5-3EDA-4061-A141-A085BAAFE3EC}.Release|Any CPU.ActiveCfg = Release|Any CPU
		{94FEABF5-3EDA-4061-A141-A085BAAFE3EC}.Release|Any CPU.Build.0 = Release|Any CPU
		{C4EB18BE-3575-4660-9F02-814F7C591225}.Debug|Any CPU.ActiveCfg = Debug|Any CPU
		{C4EB18BE-3575-4660-9F02-814F7C591225}.Debug|Any CPU.Build.0 = Debug|Any CPU
		{C4EB18BE-3575-4660-9F02-814F7C591225}.Release|Any CPU.ActiveCfg = Release|Any CPU
		{C4EB18BE-3575-4660-9F02-814F7C591225}.Release|Any CPU.Build.0 = Release|Any CPU
	EndGlobalSection
	GlobalSection(SolutionProperties) = preSolution
		HideSolutionNode = FALSE
	EndGlobalSection
	GlobalSection(ExtensibilityGlobals) = postSolution
		SolutionGuid = {9BE83E63-AABB-475B-8BFC-B3D83F7E543D}
	EndGlobalSection
EndGlobal
